
Microsoft Visual Studio Solution File, Format Version 12.00
# Visual Studio Version 17
VisualStudioVersion = 17.0.32014.148
MinimumVisualStudioVersion = 10.0.40219.1
Project("{FAE04EC0-301F-11D3-BF4B-00C04F79EFBC}") = "Api", "src\Api\Api.csproj", "{7BF79B52-EEFA-4B43-8BA9-8AC0E9C38676}"
EndProject
Global
	GlobalSection(SolutionConfigurationPlatforms) = preSolution
		Debug|Any CPU = Debug|Any CPU
		Release|Any CPU = Release|Any CPU
	EndGlobalSection
	GlobalSection(ProjectConfigurationPlatforms) = postSolution
		{7BF79B52-EEFA-4B43-8BA9-8AC0E9C38676}.Debug|Any CPU.ActiveCfg = Debug|Any CPU
		{7BF79B52-EEFA-4B43-8BA9-8AC0E9C38676}.Debug|Any CPU.Build.0 = Debug|Any CPU
		{7BF79B52-EEFA-4B43-8BA9-8AC0E9C38676}.Release|Any CPU.ActiveCfg = Release|Any CPU
		{7BF79B52-EEFA-4B43-8BA9-8AC0E9C38676}.Release|Any CPU.Build.0 = Release|Any CPU
	EndGlobalSection
	GlobalSection(SolutionProperties) = preSolution
		HideSolutionNode = FALSE
	EndGlobalSection
	GlobalSection(ExtensibilityGlobals) = postSolution
		SolutionGuid = {65499427-00B1-4E66-B6A0-CF3D47DBC9E6}
	EndGlobalSection
EndGlobal
